version = 1
revision = 2
requires-python = ">=3.13"

[[package]]
name = "clickhouse-driver"
version = "0.2.9"
source = { registry = "https://pypi.org/simple" }
dependencies = [
    { name = "pytz" },
    { name = "tzlocal" },
]
sdist = { url = "https://files.pythonhosted.org/packages/bf/0b/3790274f7591fc55b1f91bcc8e576338859cc632b1b17288b5bab79b769d/clickhouse-driver-0.2.9.tar.gz", hash = "sha256:050ea4870ead993910b39e7fae965dc1c347b2e8191dcd977cd4b385f9e19f87", size = 357752, upload-time = "2024-08-16T18:08:28.116Z" }

[[package]]
name = "dp"
version = "0.1.0"
source = { virtual = "." }
dependencies = [
    { name = "clickhouse-driver" },
    { name = "structlog" },
]

[package.metadata]
requires-dist = [
    { name = "clickhouse-driver", specifier = ">=0.2.9" },
    { name = "structlog", specifier = ">=25.3.0" },
]

[[package]]
name = "pytz"
version = "2025.2"
source = { registry = "https://pypi.org/simple" }
sdist = { url = "https://files.pythonhosted.org/packages/f8/bf/abbd3cdfb8fbc7fb3d4d38d320f2441b1e7cbe29be4f23797b4a2b5d8aac/pytz-2025.2.tar.gz", hash = "sha256:360b9e3dbb49a209c21ad61809c7fb453643e048b38924c765813546746e81c3", size = 320884, upload-time = "2025-03-25T02:25:00.538Z" }
wheels = [
    { url = "https://files.pythonhosted.org/packages/81/c4/34e93fe5f5429d7570ec1fa436f1986fb1f00c3e0f43a589fe2bbcd22c3f/pytz-2025.2-py2.py3-none-any.whl", hash = "sha256:5ddf76296dd8c44c26eb8f4b6f35488f3ccbf6fbbd7adee0b7262d43f0ec2f00", size = 509225, upload-time = "2025-03-25T02:24:58.468Z" },
]

[[package]]
name = "structlog"
version = "25.3.0"
source = { registry = "https://pypi.org/simple" }
sdist = { url = "https://files.pythonhosted.org/packages/ff/6a/b0b6d440e429d2267076c4819300d9929563b1da959cf1f68afbcd69fe45/structlog-25.3.0.tar.gz", hash = "sha256:8dab497e6f6ca962abad0c283c46744185e0c9ba900db52a423cb6db99f7abeb", size = 1367514, upload-time = "2025-04-25T16:00:39.167Z" }
wheels = [
    { url = "https://files.pythonhosted.org/packages/f5/52/7a2c7a317b254af857464da3d60a0d3730c44f912f8c510c76a738a207fd/structlog-25.3.0-py3-none-any.whl", hash = "sha256:a341f5524004c158498c3127eecded091eb67d3a611e7a3093deca30db06e172", size = 68240, upload-time = "2025-04-25T16:00:37.295Z" },
]

[[package]]
name = "tzdata"
version = "2025.2"
source = { registry = "https://pypi.org/simple" }
sdist = { url = "https://files.pythonhosted.org/packages/95/32/1a225d6164441be760d75c2c42e2780dc0873fe382da3e98a2e1e48361e5/tzdata-2025.2.tar.gz", hash = "sha256:b60a638fcc0daffadf82fe0f57e53d06bdec2f36c4df66280ae79bce6bd6f2b9", size = 196380, upload-time = "2025-03-23T13:54:43.652Z" }
wheels = [
    { url = "https://files.pythonhosted.org/packages/5c/23/c7abc0ca0a1526a0774eca151daeb8de62ec457e77262b66b359c3c7679e/tzdata-2025.2-py2.py3-none-any.whl", hash = "sha256:1a403fada01ff9221ca8044d701868fa132215d84beb92242d9acd2147f667a8", size = 347839, upload-time = "2025-03-23T13:54:41.845Z" },
]

[[package]]
name = "tzlocal"
version = "5.3.1"
source = { registry = "https://pypi.org/simple" }
dependencies = [
    { name = "tzdata", marker = "sys_platform == 'win32'" },
]
sdist = { url = "https://files.pythonhosted.org/packages/8b/2e/c14812d3d4d9cd1773c6be938f89e5735a1f11a9f184ac3639b93cef35d5/tzlocal-5.3.1.tar.gz", hash = "sha256:cceffc7edecefea1f595541dbd6e990cb1ea3d19bf01b2809f362a03dd7921fd", size = 30761, upload-time = "2025-03-05T21:17:41.549Z" }
wheels = [
    { url = "https://files.pythonhosted.org/packages/c2/14/e2a54fabd4f08cd7af1c07030603c3356b74da07f7cc056e600436edfa17/tzlocal-5.3.1-py3-none-any.whl", hash = "sha256:eb1a66c3ef5847adf7a834f1be0800581b683b5608e74f86ecbcef8ab91bb85d", size = 18026, upload-time = "2025-03-05T21:17:39.857Z" },
]
